
Microsoft Visual Studio Solution File, Format Version 12.00
# Visual Studio Version 17
VisualStudioVersion = 17.4.33213.308
MinimumVisualStudioVersion = 10.0.40219.1
Project("{FAE04EC0-301F-11D3-BF4B-00C04F79EFBC}") = "Deliverable_4_Arrays", "Deliverable_4_Arrays.csproj", "{19816BB8-D8BB-4801-ADE7-2E5721864B0A}"
EndProject
Global
	GlobalSection(SolutionConfigurationPlatforms) = preSolution
		Debug|Any CPU = Debug|Any CPU
		Release|Any CPU = Release|Any CPU
	EndGlobalSection
	GlobalSection(ProjectConfigurationPlatforms) = postSolution
		{19816BB8-D8BB-4801-ADE7-2E5721864B0A}.Debug|Any CPU.ActiveCfg = Debug|Any CPU
		{19816BB8-D8BB-4801-ADE7-2E5721864B0A}.Debug|Any CPU.Build.0 = Debug|Any CPU
		{19816BB8-D8BB-4801-ADE7-2E5721864B0A}.Release|Any CPU.ActiveCfg = Release|Any CPU
		{19816BB8-D8BB-4801-ADE7-2E5721864B0A}.Release|Any CPU.Build.0 = Release|Any CPU
	EndGlobalSection
	GlobalSection(SolutionProperties) = preSolution
		HideSolutionNode = FALSE
	EndGlobalSection
	GlobalSection(ExtensibilityGlobals) = postSolution
		SolutionGuid = {3BD59820-1DE7-41F8-8BD2-99D3B7680A8F}
	EndGlobalSection
EndGlobal
